
Microsoft Visual Studio Solution File, Format Version 12.00
# Visual Studio 15
VisualStudioVersion = 15.0.27428.2037
MinimumVisualStudioVersion = 10.0.40219.1
Project("{FAE04EC0-301F-11D3-BF4B-00C04F79EFBC}") = "SocketProject_Server", "Lab5_NP\SocketProject_Server.csproj", "{0C860B19-5052-45C4-86BB-84B75D32C355}"
EndProject
Project("{FAE04EC0-301F-11D3-BF4B-00C04F79EFBC}") = "SocketProject_Client", "SocketProject_Client\SocketProject_Client.csproj", "{FA541A92-72E5-4214-84C9-A0EF4844AF4C}"
EndProject
Global
	GlobalSection(SolutionConfigurationPlatforms) = preSolution
		Debug|Any CPU = Debug|Any CPU
		Release|Any CPU = Release|Any CPU
	EndGlobalSection
	GlobalSection(ProjectConfigurationPlatforms) = postSolution
		{0C860B19-5052-45C4-86BB-84B75D32C355}.Debug|Any CPU.ActiveCfg = Debug|Any CPU
		{0C860B19-5052-45C4-86BB-84B75D32C355}.Debug|Any CPU.Build.0 = Debug|Any CPU
		{0C860B19-5052-45C4-86BB-84B75D32C355}.Release|Any CPU.ActiveCfg = Release|Any CPU
		{0C860B19-5052-45C4-86BB-84B75D32C355}.Release|Any CPU.Build.0 = Release|Any CPU
		{FA541A92-72E5-4214-84C9-A0EF4844AF4C}.Debug|Any CPU.ActiveCfg = Debug|Any CPU
		{FA541A92-72E5-4214-84C9-A0EF4844AF4C}.Debug|Any CPU.Build.0 = Debug|Any CPU
		{FA541A92-72E5-4214-84C9-A0EF4844AF4C}.Release|Any CPU.ActiveCfg = Release|Any CPU
		{FA541A92-72E5-4214-84C9-A0EF4844AF4C}.Release|Any CPU.Build.0 = Release|Any CPU
	EndGlobalSection
	GlobalSection(SolutionProperties) = preSolution
		HideSolutionNode = FALSE
	EndGlobalSection
	GlobalSection(ExtensibilityGlobals) = postSolution
		SolutionGuid = {025B893A-2488-4DC1-9DC4-B7A481C71A95}
	EndGlobalSection
EndGlobal
